uuid: 57550a04-042b-4488-91a9-a36aa0095482
langcode: en
status: true
dependencies:
  config:
    - views.view.collection_membership
  module:
    - format_strawberryfield
    - views
  theme:
    - archipelago_subtheme_chiloe
id: archipelago_subtheme_chiloe_show_children_block
theme: archipelago_subtheme_chiloe
region: content_bottom
weight: 0
provider: null
plugin: 'views_block:collection_membership-block_2'
settings:
  id: 'views_block:collection_membership-block_2'
  label: ''
  label_display: '0'
  provider: views
  views_label: ''
  items_per_page: null
  exposed: {  }
visibility:
  ado_type_condition:
    id: ado_type_condition
    negate: false
    context_mapping:
      node: '@node.node_route_context:node'
    ado_types:
      - Show
    recurse_ado_types: false
